platform.arch=aarch64
platform.ubuntu=22.04
platform.l4t=R36.5.0
platform.jetpack=6.2.2
platform.cuda=12.6
platform.tensorrt=10.3.0.30
platform.ros=humble

zed_sdk.version=5.4.0
zed_sdk.sha256=c2776f846072692a6207e6b8cf949992616e351fb513b96d444eec9c257dd090
zed_sdk.url=https://download.stereolabs.com/zedsdk/5.4.0/l4t36.5/jetsons
zed_ros2_wrapper.version=v5.4.1
zed_ros2_wrapper.commit=86171bccda22de6e83ccc69b3c0e67af99dece7c
zed_ros2_examples.version=v5.4.1
zed_ros2_examples.commit=4ac074a39ea641f9ee77bc6a3a484dd5f6171b47
zed_ros2_interfaces.version=5.3.0
zed_ros2_interfaces.commit=e97008721d56ecf3733b95265ff4deaddf3f664e
zed_ros2_description.version=0.1.5
zed_ros2_description.commit=449eef9566a49461cc37d6ac13230fe2886ff2be

zedlink_driver.version=1.4.3
zedlink_driver.base_url=https://download.stereolabs.com/drivers/zedx/1.4.3/R36.5
zedlink_driver.mono.sha256=42a7c6b220b6bbc42e6598f39750c57260ea4b6d3d0480bf157d1f7965081ecd
zedlink_driver.duo.sha256=12c101be7a8963ab501e0382286e9da9287d44f40e6ca91258c8c05d52abc889
zedlink_driver.quad.sha256=8603c99a923b250cb79fd5e39bc825cc0f38c8b93cfbe5582a89c02046cfc370
